
Microsoft Visual Studio Solution File, Format Version 12.00
# Visual Studio Version 16
VisualStudioVersion = 16.0.29306.81
MinimumVisualStudioVersion = 10.0.40219.1
Project("{FAE04EC0-301F-11D3-BF4B-00C04F79EFBC}") = "QuanLyQuanCafe", "QuanLyQuanCafe\QuanLyQuanCafe.csproj", "{DAD18EBA-9497-4254-9361-2E81DBBBA115}"
EndProject
Global
	GlobalSection(SolutionConfigurationPlatforms) = preSolution
		Debug|Any CPU = Debug|Any CPU
		Release|Any CPU = Release|Any CPU
	EndGlobalSection
	GlobalSection(ProjectConfigurationPlatforms) = postSolution
		{DAD18EBA-9497-4254-9361-2E81DBBBA115}.Debug|Any CPU.ActiveCfg = Debug|Any CPU
		{DAD18EBA-9497-4254-9361-2E81DBBBA115}.Debug|Any CPU.Build.0 = Debug|Any CPU
		{DAD18EBA-9497-4254-9361-2E81DBBBA115}.Release|Any CPU.ActiveCfg = Release|Any CPU
		{DAD18EBA-9497-4254-9361-2E81DBBBA115}.Release|Any CPU.Build.0 = Release|Any CPU
	EndGlobalSection
	GlobalSection(SolutionProperties) = preSolution
		HideSolutionNode = FALSE
	EndGlobalSection
	GlobalSection(ExtensibilityGlobals) = postSolution
		SolutionGuid = {3E8D43ED-5D33-4B80-B950-803CA39C8C4A}
	EndGlobalSection
EndGlobal
